
Microsoft Visual Studio Solution File, Format Version 12.00
# Visual Studio Version 17
VisualStudioVersion = 17.1.32210.238
MinimumVisualStudioVersion = 10.0.40219.1
Project("{2150E333-8FDC-42A3-9474-1A3956D46DE8}") = "src", "src", "{BAC297B4-CBE2-403F-AD70-110B317BBE28}"
EndProject
Project("{2150E333-8FDC-42A3-9474-1A3956D46DE8}") = "Chat", "Chat", "{4624C493-4F8D-4D87-92F0-29E3A19CDE5C}"
EndProject
Project("{9A19103F-16F7-4668-BE54-9A1E7A4F7556}") = "Moneo.Chat", "src\Chat\Moneo.Chat\Moneo.Chat.csproj", "{432EC526-0EC0-43CD-B772-1EF876CF3A41}"
EndProject
Project("{9A19103F-16F7-4668-BE54-9A1E7A4F7556}") = "Moneo.Chat.Contracts", "src\Chat\Moneo.Chat.Contracts\Moneo.Chat.Contracts.csproj", "{4A156C25-FBFB-4F31-B27F-B49774AB07C8}"
EndProject
Project("{9A19103F-16F7-4668-BE54-9A1E7A4F7556}") = "Moneo.Chat.Models", "src\Chat\Moneo.Chat.Models\Moneo.Chat.Models.csproj", "{4549432D-16DE-417D-AD39-F58AB2EEA296}"
EndProject
Project("{9A19103F-16F7-4668-BE54-9A1E7A4F7556}") = "Moneo.Core", "src\Moneo.Core\Moneo.Core.csproj", "{F9A41A3A-6A89-44DD-B65B-FDEE78DDD666}"
EndProject
Project("{2150E333-8FDC-42A3-9474-1A3956D46DE8}") = "Hosts", "Hosts", "{C80150B3-C997-47FF-BE06-ED0709EA6DCB}"
EndProject
Project("{2150E333-8FDC-42A3-9474-1A3956D46DE8}") = "TaskManagement", "TaskManagement", "{5760641D-8125-45C2-9AB7-A2CCF3D70D70}"
EndProject
Project("{2150E333-8FDC-42A3-9474-1A3956D46DE8}") = "Tests", "Tests", "{E9789803-25DA-48D3-9181-DF34D79DC9A1}"
EndProject
Project("{9A19103F-16F7-4668-BE54-9A1E7A4F7556}") = "Moneo.Tests", "Tests\Moneo.Tests\Moneo.Tests.csproj", "{32177902-B5A3-4E60-8B62-1272A5239403}"
EndProject
Project("{9A19103F-16F7-4668-BE54-9A1E7A4F7556}") = "Moneo.Chat.Telegram", "src\Chat\Moneo.Chat.Telegram\Moneo.Chat.Telegram.csproj", "{5FCE9C24-B027-4B60-91C6-BAF94A055EDF}"
EndProject
Project("{FAE04EC0-301F-11D3-BF4B-00C04F79EFBC}") = "Moneo.Chat.Generators", "src\Chat\Moneo.Chat.Generators\Moneo.Chat.Generators.csproj", "{EB79A1C5-9C44-433F-A0F6-0594F6B01165}"
EndProject
Project("{FAE04EC0-301F-11D3-BF4B-00C04F79EFBC}") = "Moneo.Chat.Tests", "src\Chat\Moneo.Chat.Tests\Moneo.Chat.Tests.csproj", "{62069D22-999D-4C1C-B877-2344B1678D30}"
EndProject
Project("{FAE04EC0-301F-11D3-BF4B-00C04F79EFBC}") = "Moneo.Chat.Console", "src\Chat\Moneo.Chat.Console\Moneo.Chat.Console.csproj", "{EB2299BC-74A8-4F16-9DEE-9535BF5C5E7A}"
EndProject
Project("{FAE04EC0-301F-11D3-BF4B-00C04F79EFBC}") = "Moneo.TaskManagement.Api", "src\Hosts\Moneo.TaskManagement.Api\Moneo.TaskManagement.Api.csproj", "{F7DB7921-AD36-4A26-988B-C01318AE8045}"
EndProject
Project("{FAE04EC0-301F-11D3-BF4B-00C04F79EFBC}") = "Moneo.TaskManagement.Contracts", "src\TaskManagement\Moneo.TaskManagement.Contracts\Moneo.TaskManagement.Contracts.csproj", "{DA4BE97F-14F6-4508-9A20-9C0AC41BE72B}"
EndProject
Project("{FAE04EC0-301F-11D3-BF4B-00C04F79EFBC}") = "Moneo.Common", "src\Moneo.Common\Moneo.Common.csproj", "{4B96A10B-1E41-47D4-8D15-AC2794CADF83}"
EndProject
Project("{FAE04EC0-301F-11D3-BF4B-00C04F79EFBC}") = "TaskManagementTests", "Tests\TaskManagementTests\TaskManagementTests.csproj", "{3B4078DF-4A45-4154-A43B-868254A00698}"
EndProject
Project("{FAE04EC0-301F-11D3-BF4B-00C04F79EFBC}") = "Moneo.Hosts.Chat.Api", "src\Hosts\Moneo.Hosts.Chat.Api\Moneo.Hosts.Chat.Api.csproj", "{2D782615-ECEE-440C-AFB8-515990FCACE2}"
EndProject
Project("{FAE04EC0-301F-11D3-BF4B-00C04F79EFBC}") = "Moneo.Web.Common", "src\Moneo.Web.Common\Moneo.Web.Common.csproj", "{AC612371-092B-4A01-903A-393F3EC3B12D}"
EndProject
Global
	GlobalSection(SolutionConfigurationPlatforms) = preSolution
		Debug|Any CPU = Debug|Any CPU
		Release|Any CPU = Release|Any CPU
	EndGlobalSection
	GlobalSection(ProjectConfigurationPlatforms) = postSolution
		{432EC526-0EC0-43CD-B772-1EF876CF3A41}.Debug|Any CPU.ActiveCfg = Debug|Any CPU
		{432EC526-0EC0-43CD-B772-1EF876CF3A41}.Debug|Any CPU.Build.0 = Debug|Any CPU
		{432EC526-0EC0-43CD-B772-1EF876CF3A41}.Release|Any CPU.ActiveCfg = Release|Any CPU
		{432EC526-0EC0-43CD-B772-1EF876CF3A41}.Release|Any CPU.Build.0 = Release|Any CPU
		{4A156C25-FBFB-4F31-B27F-B49774AB07C8}.Debug|Any CPU.ActiveCfg = Debug|Any CPU
		{4A156C25-FBFB-4F31-B27F-B49774AB07C8}.Debug|Any CPU.Build.0 = Debug|Any CPU
		{4A156C25-FBFB-4F31-B27F-B49774AB07C8}.Release|Any CPU.ActiveCfg = Release|Any CPU
		{4A156C25-FBFB-4F31-B27F-B49774AB07C8}.Release|Any CPU.Build.0 = Release|Any CPU
		{4549432D-16DE-417D-AD39-F58AB2EEA296}.Debug|Any CPU.ActiveCfg = Debug|Any CPU
		{4549432D-16DE-417D-AD39-F58AB2EEA296}.Debug|Any CPU.Build.0 = Debug|Any CPU
		{4549432D-16DE-417D-AD39-F58AB2EEA296}.Release|Any CPU.ActiveCfg = Release|Any CPU
		{4549432D-16DE-417D-AD39-F58AB2EEA296}.Release|Any CPU.Build.0 = Release|Any CPU
		{F9A41A3A-6A89-44DD-B65B-FDEE78DDD666}.Debug|Any CPU.ActiveCfg = Debug|Any CPU
		{F9A41A3A-6A89-44DD-B65B-FDEE78DDD666}.Debug|Any CPU.Build.0 = Debug|Any CPU
		{F9A41A3A-6A89-44DD-B65B-FDEE78DDD666}.Release|Any CPU.ActiveCfg = Release|Any CPU
		{F9A41A3A-6A89-44DD-B65B-FDEE78DDD666}.Release|Any CPU.Build.0 = Release|Any CPU
		{32177902-B5A3-4E60-8B62-1272A5239403}.Debug|Any CPU.ActiveCfg = Debug|Any CPU
		{32177902-B5A3-4E60-8B62-1272A5239403}.Debug|Any CPU.Build.0 = Debug|Any CPU
		{32177902-B5A3-4E60-8B62-1272A5239403}.Release|Any CPU.ActiveCfg = Release|Any CPU
		{32177902-B5A3-4E60-8B62-1272A5239403}.Release|Any CPU.Build.0 = Release|Any CPU
		{5FCE9C24-B027-4B60-91C6-BAF94A055EDF}.Debug|Any CPU.ActiveCfg = Debug|Any CPU
		{5FCE9C24-B027-4B60-91C6-BAF94A055EDF}.Debug|Any CPU.Build.0 = Debug|Any CPU
		{5FCE9C24-B027-4B60-91C6-BAF94A055EDF}.Release|Any CPU.ActiveCfg = Release|Any CPU
		{5FCE9C24-B027-4B60-91C6-BAF94A055EDF}.Release|Any CPU.Build.0 = Release|Any CPU
		{EB79A1C5-9C44-433F-A0F6-0594F6B01165}.Debug|Any CPU.ActiveCfg = Debug|Any CPU
		{EB79A1C5-9C44-433F-A0F6-0594F6B01165}.Debug|Any CPU.Build.0 = Debug|Any CPU
		{EB79A1C5-9C44-433F-A0F6-0594F6B01165}.Release|Any CPU.ActiveCfg = Release|Any CPU
		{EB79A1C5-9C44-433F-A0F6-0594F6B01165}.Release|Any CPU.Build.0 = Release|Any CPU
		{62069D22-999D-4C1C-B877-2344B1678D30}.Debug|Any CPU.ActiveCfg = Debug|Any CPU
		{62069D22-999D-4C1C-B877-2344B1678D30}.Debug|Any CPU.Build.0 = Debug|Any CPU
		{62069D22-999D-4C1C-B877-2344B1678D30}.Release|Any CPU.ActiveCfg = Release|Any CPU
		{62069D22-999D-4C1C-B877-2344B1678D30}.Release|Any CPU.Build.0 = Release|Any CPU
		{EB2299BC-74A8-4F16-9DEE-9535BF5C5E7A}.Debug|Any CPU.ActiveCfg = Debug|Any CPU
		{EB2299BC-74A8-4F16-9DEE-9535BF5C5E7A}.Debug|Any CPU.Build.0 = Debug|Any CPU
		{EB2299BC-74A8-4F16-9DEE-9535BF5C5E7A}.Release|Any CPU.ActiveCfg = Release|Any CPU
		{EB2299BC-74A8-4F16-9DEE-9535BF5C5E7A}.Release|Any CPU.Build.0 = Release|Any CPU
		{F7DB7921-AD36-4A26-988B-C01318AE8045}.Debug|Any CPU.ActiveCfg = Debug|Any CPU
		{F7DB7921-AD36-4A26-988B-C01318AE8045}.Debug|Any CPU.Build.0 = Debug|Any CPU
		{F7DB7921-AD36-4A26-988B-C01318AE8045}.Release|Any CPU.ActiveCfg = Release|Any CPU
		{F7DB7921-AD36-4A26-988B-C01318AE8045}.Release|Any CPU.Build.0 = Release|Any CPU
		{DA4BE97F-14F6-4508-9A20-9C0AC41BE72B}.Debug|Any CPU.ActiveCfg = Debug|Any CPU
		{DA4BE97F-14F6-4508-9A20-9C0AC41BE72B}.Debug|Any CPU.Build.0 = Debug|Any CPU
		{DA4BE97F-14F6-4508-9A20-9C0AC41BE72B}.Release|Any CPU.ActiveCfg = Release|Any CPU
		{DA4BE97F-14F6-4508-9A20-9C0AC41BE72B}.Release|Any CPU.Build.0 = Release|Any CPU
		{4B96A10B-1E41-47D4-8D15-AC2794CADF83}.Debug|Any CPU.ActiveCfg = Debug|Any CPU
		{4B96A10B-1E41-47D4-8D15-AC2794CADF83}.Debug|Any CPU.Build.0 = Debug|Any CPU
		{4B96A10B-1E41-47D4-8D15-AC2794CADF83}.Release|Any CPU.ActiveCfg = Release|Any CPU
		{4B96A10B-1E41-47D4-8D15-AC2794CADF83}.Release|Any CPU.Build.0 = Release|Any CPU
		{3B4078DF-4A45-4154-A43B-868254A00698}.Debug|Any CPU.ActiveCfg = Debug|Any CPU
		{3B4078DF-4A45-4154-A43B-868254A00698}.Debug|Any CPU.Build.0 = Debug|Any CPU
		{3B4078DF-4A45-4154-A43B-868254A00698}.Release|Any CPU.ActiveCfg = Release|Any CPU
		{3B4078DF-4A45-4154-A43B-868254A00698}.Release|Any CPU.Build.0 = Release|Any CPU
		{2D782615-ECEE-440C-AFB8-515990FCACE2}.Debug|Any CPU.ActiveCfg = Debug|Any CPU
		{2D782615-ECEE-440C-AFB8-515990FCACE2}.Debug|Any CPU.Build.0 = Debug|Any CPU
		{2D782615-ECEE-440C-AFB8-515990FCACE2}.Release|Any CPU.ActiveCfg = Release|Any CPU
		{2D782615-ECEE-440C-AFB8-515990FCACE2}.Release|Any CPU.Build.0 = Release|Any CPU
		{AC612371-092B-4A01-903A-393F3EC3B12D}.Debug|Any CPU.ActiveCfg = Debug|Any CPU
		{AC612371-092B-4A01-903A-393F3EC3B12D}.Debug|Any CPU.Build.0 = Debug|Any CPU
		{AC612371-092B-4A01-903A-393F3EC3B12D}.Release|Any CPU.ActiveCfg = Release|Any CPU
		{AC612371-092B-4A01-903A-393F3EC3B12D}.Release|Any CPU.Build.0 = Release|Any CPU
	EndGlobalSection
	GlobalSection(SolutionProperties) = preSolution
		HideSolutionNode = FALSE
	EndGlobalSection
	GlobalSection(NestedProjects) = preSolution
		{4624C493-4F8D-4D87-92F0-29E3A19CDE5C} = {BAC297B4-CBE2-403F-AD70-110B317BBE28}
		{432EC526-0EC0-43CD-B772-1EF876CF3A41} = {4624C493-4F8D-4D87-92F0-29E3A19CDE5C}
		{4A156C25-FBFB-4F31-B27F-B49774AB07C8} = {4624C493-4F8D-4D87-92F0-29E3A19CDE5C}
		{4549432D-16DE-417D-AD39-F58AB2EEA296} = {4624C493-4F8D-4D87-92F0-29E3A19CDE5C}
		{F9A41A3A-6A89-44DD-B65B-FDEE78DDD666} = {BAC297B4-CBE2-403F-AD70-110B317BBE28}
		{C80150B3-C997-47FF-BE06-ED0709EA6DCB} = {BAC297B4-CBE2-403F-AD70-110B317BBE28}
		{5760641D-8125-45C2-9AB7-A2CCF3D70D70} = {BAC297B4-CBE2-403F-AD70-110B317BBE28}
		{32177902-B5A3-4E60-8B62-1272A5239403} = {E9789803-25DA-48D3-9181-DF34D79DC9A1}
		{5FCE9C24-B027-4B60-91C6-BAF94A055EDF} = {4624C493-4F8D-4D87-92F0-29E3A19CDE5C}
		{EB79A1C5-9C44-433F-A0F6-0594F6B01165} = {4624C493-4F8D-4D87-92F0-29E3A19CDE5C}
		{62069D22-999D-4C1C-B877-2344B1678D30} = {4624C493-4F8D-4D87-92F0-29E3A19CDE5C}
		{EB2299BC-74A8-4F16-9DEE-9535BF5C5E7A} = {4624C493-4F8D-4D87-92F0-29E3A19CDE5C}
		{DA4BE97F-14F6-4508-9A20-9C0AC41BE72B} = {5760641D-8125-45C2-9AB7-A2CCF3D70D70}
		{4B96A10B-1E41-47D4-8D15-AC2794CADF83} = {BAC297B4-CBE2-403F-AD70-110B317BBE28}
		{3B4078DF-4A45-4154-A43B-868254A00698} = {E9789803-25DA-48D3-9181-DF34D79DC9A1}
		{2D782615-ECEE-440C-AFB8-515990FCACE2} = {C80150B3-C997-47FF-BE06-ED0709EA6DCB}
		{F7DB7921-AD36-4A26-988B-C01318AE8045} = {C80150B3-C997-47FF-BE06-ED0709EA6DCB}
		{AC612371-092B-4A01-903A-393F3EC3B12D} = {BAC297B4-CBE2-403F-AD70-110B317BBE28}
	EndGlobalSection
	GlobalSection(ExtensibilityGlobals) = postSolution
		SolutionGuid = {9A69730A-25AE-421F-A76A-39B03C0A0207}
	EndGlobalSection
EndGlobal
